{
  "name": "lookupproject",
  "lockfileVersion": 3,
  "requires": true,
  "packages": {
    "": {
      "dependencies": {
        "@geoapify/geocoder-autocomplete": "^2.1.0"
      }
    },
    "node_modules/@geoapify/geocoder-autocomplete": {
      "version": "2.1.0",
      "resolved": "https://registry.npmjs.org/@geoapify/geocoder-autocomplete/-/geocoder-autocomplete-2.1.0.tgz",
      "integrity": "sha512-E1uX3haIp9OD13sScEr+UqT5GRTv0K2ldZzsb44sHaXrk9B5C6GVxsuH0QYdt8hjNNXfUdAXUp3YJomS9O0RAQ=="
    }
  }
}
